PODS:
  - ObjcExceptionBridging (1.0.1):
    - ObjcExceptionBridging/ObjcExceptionBridging (= 1.0.1)
  - ObjcExceptionBridging/ObjcExceptionBridging (1.0.1)
  - Realm (2.10.2):
    - Realm/Headers (= 2.10.2)
  - Realm/Headers (2.10.2)
  - RealmSwift (2.10.2):
    - Realm (= 2.10.2)
  - SwiftDate (4.4.1)
  - XCGLogger (6.0.1):
    - XCGLogger/Core (= 6.0.1)
  - XCGLogger/Core (6.0.1):
    - ObjcExceptionBridging

DEPENDENCIES:
  - RealmSwift (~> 2.10.0)
  - SwiftDate
  - XCGLogger

SPEC CHECKSUMS:
  ObjcExceptionBridging: c30e00eb3700467e695faeea30e26e18bd445001
  Realm: 0ef72b837fb67e9f4b098bac771ddd72c7fdbb69
  RealmSwift: 07a9ae0505091eda6b2ee7c190c3786d6e90a7b0
  SwiftDate: a70a534d4feed03b2a2b575e36bef82dc2286a8d
  XCGLogger: b4ca980580108cfeaf221afe158f5d89c1be22e0

PODFILE CHECKSUM: f7532a64683d2c185e139f5b2d56e55ea864845d

COCOAPODS: 1.3.1
